
Microsoft Visual Studio Solution File, Format Version 12.00
# Visual Studio 15
VisualStudioVersion = 15.0.27428.2005
MinimumVisualStudioVersion = 10.0.40219.1
Project("{FAE04EC0-301F-11D3-BF4B-00C04F79EFBC}") = "Core.UsuallyCommon", "Core.UsuallyCommon\Core.UsuallyCommon.csproj", "{9B79CC3F-88EA-463F-A6C7-C78780CBD7EF}"
EndProject
Project("{2150E333-8FDC-42A3-9474-1A3956D46DE8}") = "VisualStudioExtenstion", "VisualStudioExtenstion", "{89DA4A79-A641-46C3-BE0A-3DCA7E757B5B}"
EndProject
Project("{FAE04EC0-301F-11D3-BF4B-00C04F79EFBC}") = "VSBussinessExtenstion", "VSBussinessExtenstion\VSBussinessExtenstion.csproj", "{64892DBC-9FE7-4DDE-9CFC-A692969F5636}"
EndProject
Project("{FAE04EC0-301F-11D3-BF4B-00C04F79EFBC}") = "WFGenerator", "WFGenerator\WFGenerator.csproj", "{A956895F-90D2-4C4F-B0B0-2E9119D8088A}"
EndProject
Project("{FAE04EC0-301F-11D3-BF4B-00C04F79EFBC}") = "UnitProjectALL", "UnitProjectALL\UnitProjectALL.csproj", "{8BC8017B-AD3D-42FE-981D-3E1027C32E47}"
EndProject
Project("{FAE04EC0-301F-11D3-BF4B-00C04F79EFBC}") = "Core.ConsoleLog", "Core.Console\Core.ConsoleLog.csproj", "{F9C90837-B90C-40CB-A827-1F32FA2B276A}"
EndProject
Global
	GlobalSection(SolutionConfigurationPlatforms) = preSolution
		Debug|Any CPU = Debug|Any CPU
		Release|Any CPU = Release|Any CPU
	EndGlobalSection
	GlobalSection(ProjectConfigurationPlatforms) = postSolution
		{9B79CC3F-88EA-463F-A6C7-C78780CBD7EF}.Debug|Any CPU.ActiveCfg = Debug|Any CPU
		{9B79CC3F-88EA-463F-A6C7-C78780CBD7EF}.Debug|Any CPU.Build.0 = Debug|Any CPU
		{9B79CC3F-88EA-463F-A6C7-C78780CBD7EF}.Release|Any CPU.ActiveCfg = Release|Any CPU
		{9B79CC3F-88EA-463F-A6C7-C78780CBD7EF}.Release|Any CPU.Build.0 = Release|Any CPU
		{64892DBC-9FE7-4DDE-9CFC-A692969F5636}.Debug|Any CPU.ActiveCfg = Debug|Any CPU
		{64892DBC-9FE7-4DDE-9CFC-A692969F5636}.Debug|Any CPU.Build.0 = Debug|Any CPU
		{64892DBC-9FE7-4DDE-9CFC-A692969F5636}.Release|Any CPU.ActiveCfg = Release|Any CPU
		{64892DBC-9FE7-4DDE-9CFC-A692969F5636}.Release|Any CPU.Build.0 = Release|Any CPU
		{A956895F-90D2-4C4F-B0B0-2E9119D8088A}.Debug|Any CPU.ActiveCfg = Debug|Any CPU
		{A956895F-90D2-4C4F-B0B0-2E9119D8088A}.Debug|Any CPU.Build.0 = Debug|Any CPU
		{A956895F-90D2-4C4F-B0B0-2E9119D8088A}.Release|Any CPU.ActiveCfg = Release|Any CPU
		{A956895F-90D2-4C4F-B0B0-2E9119D8088A}.Release|Any CPU.Build.0 = Release|Any CPU
		{8BC8017B-AD3D-42FE-981D-3E1027C32E47}.Debug|Any CPU.ActiveCfg = Debug|Any CPU
		{8BC8017B-AD3D-42FE-981D-3E1027C32E47}.Debug|Any CPU.Build.0 = Debug|Any CPU
		{8BC8017B-AD3D-42FE-981D-3E1027C32E47}.Release|Any CPU.ActiveCfg = Release|Any CPU
		{8BC8017B-AD3D-42FE-981D-3E1027C32E47}.Release|Any CPU.Build.0 = Release|Any CPU
		{F9C90837-B90C-40CB-A827-1F32FA2B276A}.Debug|Any CPU.ActiveCfg = Debug|Any CPU
		{F9C90837-B90C-40CB-A827-1F32FA2B276A}.Debug|Any CPU.Build.0 = Debug|Any CPU
		{F9C90837-B90C-40CB-A827-1F32FA2B276A}.Release|Any CPU.ActiveCfg = Release|Any CPU
		{F9C90837-B90C-40CB-A827-1F32FA2B276A}.Release|Any CPU.Build.0 = Release|Any CPU
	EndGlobalSection
	GlobalSection(SolutionProperties) = preSolution
		HideSolutionNode = FALSE
	EndGlobalSection
	GlobalSection(NestedProjects) = preSolution
		{64892DBC-9FE7-4DDE-9CFC-A692969F5636} = {89DA4A79-A641-46C3-BE0A-3DCA7E757B5B}
		{A956895F-90D2-4C4F-B0B0-2E9119D8088A} = {89DA4A79-A641-46C3-BE0A-3DCA7E757B5B}
	EndGlobalSection
	GlobalSection(ExtensibilityGlobals) = postSolution
		SolutionGuid = {3A787D1C-6AAE-4935-9D78-9CE296064F65}
	EndGlobalSection
EndGlobal
